
Microsoft Visual Studio Solution File, Format Version 12.00
# Visual Studio Version 16
VisualStudioVersion = 16.0.31129.286
MinimumVisualStudioVersion = 10.0.40219.1
Project("{8BC9CEB8-8B4A-11D0-8D11-00A0C91BC942}") = "mysql_empresa", "mysql_empresa\mysql_empresa.vcxproj", "{888DBCB1-31A6-43D4-B171-0DC1845AB8CC}"
EndProject
Global
	GlobalSection(SolutionConfigurationPlatforms) = preSolution
		Debug|x64 = Debug|x64
		Debug|x86 = Debug|x86
		Release|x64 = Release|x64
		Release|x86 = Release|x86
	EndGlobalSection
	GlobalSection(ProjectConfigurationPlatforms) = postSolution
		{888DBCB1-31A6-43D4-B171-0DC1845AB8CC}.Debug|x64.ActiveCfg = Debug|x64
		{888DBCB1-31A6-43D4-B171-0DC1845AB8CC}.Debug|x64.Build.0 = Debug|x64
		{888DBCB1-31A6-43D4-B171-0DC1845AB8CC}.Debug|x86.ActiveCfg = Debug|Win32
		{888DBCB1-31A6-43D4-B171-0DC1845AB8CC}.Debug|x86.Build.0 = Debug|Win32
		{888DBCB1-31A6-43D4-B171-0DC1845AB8CC}.Release|x64.ActiveCfg = Release|x64
		{888DBCB1-31A6-43D4-B171-0DC1845AB8CC}.Release|x64.Build.0 = Release|x64
		{888DBCB1-31A6-43D4-B171-0DC1845AB8CC}.Release|x86.ActiveCfg = Release|Win32
		{888DBCB1-31A6-43D4-B171-0DC1845AB8CC}.Release|x86.Build.0 = Release|Win32
	EndGlobalSection
	GlobalSection(SolutionProperties) = preSolution
		HideSolutionNode = FALSE
	EndGlobalSection
	GlobalSection(ExtensibilityGlobals) = postSolution
		SolutionGuid = {2CCA60D7-4982-446F-8C06-087AE2BAF3F8}
	EndGlobalSection
EndGlobal
